// !$*UTF8*$!
{
	archiveVersion = 1;
	classes = {
	};
	objectVersion = 77;
	objects = {

/* Begin PBXBuildFile section */
		62D6DC3E2E9D7B5C000B655E /* .env in Resources */ = {isa = PBXBuildFile; fileRef = 62D6DC3D2E9D7B5C000B655E /* .env */; };
		62D6DC402E9D7B67000B655E /* .gitignore in Resources */ = {isa = PBXBuildFile; fileRef = 62D6DC3F2E9D7B67000B655E /* .gitignore */; };
		62DB36072E9AE74100A1B9A0 /* Supabase in Frameworks */ = {isa = PBXBuildFile; productRef = 62DB36062E9AE74100A1B9A0 /* Supabase */; };
/* End PBXBuildFile section */

/* Begin PBXContainerItemProxy section */
		629BCAE02E98284C003C3E35 /* PBXContainerItemProxy */ = {
			isa = PBXContainerItemProxy;
			containerPortal = 629BCACA2E98284B003C3E35 /* Project object */;
			proxyType = 1;
			remoteGlobalIDString = 629BCAD12E98284B003C3E35;
			remoteInfo = Unfold;
		};
		629BCAEA2E98284C003C3E35 /* PBXContainerItemProxy */ = {
			isa = PBXContainerItemProxy;
			containerPortal = 629BCACA2E98284B003C3E35 /* Project object */;
			proxyType = 1;
			remoteGlobalIDString = 629BCAD12E98284B003C3E35;
			remoteInfo = Unfold;
		};
/* End PBXContainerItemProxy section */

/* Begin PBXFileReference section */
		629BCAD22E98284B003C3E35 /* Unfold.app */ = {isa = PBXFileReference; explicitFileType = wrapper.application; includeInIndex = 0; path = Unfold.app; sourceTree = BUILT_PRODUCTS_DIR; };
		629BCADF2E98284C003C3E35 /* UnfoldTests.xctest */ = {isa = PBXFileReference; explicitFileType = wrapper.cfbundle; includeInIndex = 0; path = UnfoldTests.xctest; sourceTree = BUILT_PRODUCTS_DIR; };
		629BCAE92E98284C003C3E35 /* UnfoldUITests.xctest */ = {isa = PBXFileReference; explicitFileType = wrapper.cfbundle; includeInIndex = 0; path = UnfoldUITests.xctest; sourceTree = BUILT_PRODUCTS_DIR; };
		62D6DC3D2E9D7B5C000B655E /* .env */ = {isa = PBXFileReference; lastKnownFileType = text; path = .env; sourceTree = "<group>"; };
		62D6DC3F2E9D7B67000B655E /* .gitignore */ = {isa = PBXFileReference; lastKnownFileType = text; path = .gitignore; sourceTree = "<group>"; };
/* End PBXFileReference section */

/* Begin PBXFileSystemSynchronizedRootGroup section */
		629BCAD42E98284B003C3E35 /* Unfold */ = {
			isa = PBXFileSystemSynchronizedRootGroup;
			path = Unfold;
			sourceTree = "<group>";
		};
		629BCAE22E98284C003C3E35 /* UnfoldTests */ = {
			isa = PBXFileSystemSynchronizedRootGroup;
			path = UnfoldTests;
			sourceTree = "<group>";
		};
		629BCAEC2E98284C003C3E35 /* UnfoldUITests */ = {
			isa = PBXFileSystemSynchronizedRootGroup;
			path = UnfoldUITests;
			sourceTree = "<group>";
		};
		62D6DC432E9D7BB6000B655E /* .github */ = {
			isa = PBXFileSystemSynchronizedRootGroup;
			path = .github;
			sourceTree = "<group>";
		};
/* End PBXFileSystemSynchronizedRootGroup section */

/* Begin PBXFrameworksBuildPhase section */
		629BCACF2E98284B003C3E35 /* Frameworks */ = {
			isa = PBXFrameworksBuildPhase;
			buildActionMask = 2147483647;
			files = (
				62DB36072E9AE74100A1B9A0 /* Supabase in Frameworks */,
			);
			runOnlyForDeploymentPostprocessing = 0;
		};
		629BCADC2E98284C003C3E35 /* Frameworks */ = {
			isa = PBXFrameworksBuildPhase;
			buildActionMask = 2147483647;
			files = (
			);
			runOnlyForDeploymentPostprocessing = 0;
		};
		629BCAE62E98284C003C3E35 /* Frameworks */ = {
			isa = PBXFrameworksBuildPhase;
			buildActionMask = 2147483647;
			files = (
			);
			runOnlyForDeploymentPostprocessing = 0;
		};
/* End PBXFrameworksBuildPhase section */

/* Begin PBXGroup section */
		629BCAC92E98284B003C3E35 = {
			isa = PBXGroup;
			children = (
				629BCAD42E98284B003C3E35 /* Unfold */,
				629BCAE22E98284C003C3E35 /* UnfoldTests */,
				62D6DC432E9D7BB6000B655E /* .github */,
				629BCAEC2E98284C003C3E35 /* UnfoldUITests */,
				62DB36052E9AE74100A1B9A0 /* Frameworks */,
				629BCAD32E98284B003C3E35 /* Products */,
				62D6DC3D2E9D7B5C000B655E /* .env */,
				62D6DC3F2E9D7B67000B655E /* .gitignore */,
			);
			sourceTree = "<group>";
		};
		629BCAD32E98284B003C3E35 /* Products */ = {
			isa = PBXGroup;
			children = (
				629BCAD22E98284B003C3E35 /* Unfold.app */,
				629BCADF2E98284C003C3E35 /* UnfoldTests.xctest */,
				629BCAE92E98284C003C3E35 /* UnfoldUITests.xctest */,
			);
			name = Products;
			sourceTree = "<group>";
		};
		62DB36052E9AE74100A1B9A0 /* Frameworks */ = {
			isa = PBXGroup;
			children = (
			);
			name = Frameworks;
			sourceTree = "<group>";
		};
/* End PBXGroup section */

/* Begin PBXNativeTarget section */
		629BCAD12E98284B003C3E35 /* Unfold */ = {
			isa = PBXNativeTarget;
			buildConfigurationList = 629BCAF32E98284C003C3E35 /* Build configuration list for PBXNativeTarget "Unfold" */;
			buildPhases = (
				629BCACE2E98284B003C3E35 /* Sources */,
				629BCACF2E98284B003C3E35 /* Frameworks */,
				629BCAD02E98284B003C3E35 /* Resources */,
			);
			buildRules = (
			);
			dependencies = (
			);
			fileSystemSynchronizedGroups = (
				629BCAD42E98284B003C3E35 /* Unfold */,
			);
			name = Unfold;
			packageProductDependencies = (
				62DB36062E9AE74100A1B9A0 /* Supabase */,
			);
			productName = Unfold;
			productReference = 629BCAD22E98284B003C3E35 /* Unfold.app */;
			productType = "com.apple.product-type.application";
		};
		629BCADE2E98284C003C3E35 /* UnfoldTests */ = {
			isa = PBXNativeTarget;
			buildConfigurationList = 629BCAF62E98284C003C3E35 /* Build configuration list for PBXNativeTarget "UnfoldTests" */;
			buildPhases = (
				629BCADB2E98284C003C3E35 /* Sources */,
				629BCADC2E98284C003C3E35 /* Frameworks */,
				629BCADD2E98284C003C3E35 /* Resources */,
			);
			buildRules = (
			);
			dependencies = (
				629BCAE12E98284C003C3E35 /* PBXTargetDependency */,
			);
			fileSystemSynchronizedGroups = (
				629BCAE22E98284C003C3E35 /* UnfoldTests */,
				62D6DC432E9D7BB6000B655E /* .github */,
			);
			name = UnfoldTests;
			packageProductDependencies = (
			);
			productName = UnfoldTests;
			productReference = 629BCADF2E98284C003C3E35 /* UnfoldTests.xctest */;
			productType = "com.apple.product-type.bundle.unit-test";
		};
		629BCAE82E98284C003C3E35 /* UnfoldUITests */ = {
			isa = PBXNativeTarget;
			buildConfigurationList = 629BCAF92E98284C003C3E35 /* Build configuration list for PBXNativeTarget "UnfoldUITests" */;
			buildPhases = (
				629BCAE52E98284C003C3E35 /* Sources */,
				629BCAE62E98284C003C3E35 /* Frameworks */,
				629BCAE72E98284C003C3E35 /* Resources */,
			);
			buildRules = (
			);
			dependencies = (
				629BCAEB2E98284C003C3E35 /* PBXTargetDependency */,
			);
			fileSystemSynchronizedGroups = (
				629BCAEC2E98284C003C3E35 /* UnfoldUITests */,
			);
			name = UnfoldUITests;
			packageProductDependencies = (
			);
			productName = UnfoldUITests;
			productReference = 629BCAE92E98284C003C3E35 /* UnfoldUITests.xctest */;
			productType = "com.apple.product-type.bundle.ui-testing";
		};
/* End PBXNativeTarget section */

/* Begin PBXProject section */
		629BCACA2E98284B003C3E35 /* Project object */ = {
			isa = PBXProject;
			attributes = {
				BuildIndependentTargetsInParallel = 1;
				LastSwiftUpdateCheck = 1640;
				LastUpgradeCheck = 1640;
				TargetAttributes = {
					629BCAD12E98284B003C3E35 = {
						CreatedOnToolsVersion = 16.4;
					};
					629BCADE2E98284C003C3E35 = {
						CreatedOnToolsVersion = 16.4;
						TestTargetID = 629BCAD12E98284B003C3E35;
					};
					629BCAE82E98284C003C3E35 = {
						CreatedOnToolsVersion = 16.4;
						TestTargetID = 629BCAD12E98284B003C3E35;
					};
				};
			};
			buildConfigurationList = 629BCACD2E98284B003C3E35 /* Build configuration list for PBXProject "Unfold" */;
			developmentRegion = en;
			hasScannedForEncodings = 0;
			knownRegions = (
				en,
				Base,
			);
			mainGroup = 629BCAC92E98284B003C3E35;
			minimizedProjectReferenceProxies = 1;
			packageReferences = (
				62DB36002E9ADE6500A1B9A0 /* XCRemoteSwiftPackageReference "supabase-swift" */,
			);
			preferredProjectObjectVersion = 77;
			productRefGroup = 629BCAD32E98284B003C3E35 /* Products */;
			projectDirPath = "";
			projectRoot = "";
			targets = (
				629BCAD12E98284B003C3E35 /* Unfold */,
				629BCADE2E98284C003C3E35 /* UnfoldTests */,
				629BCAE82E98284C003C3E35 /* UnfoldUITests */,
			);
		};
/* End PBXProject section */

/* Begin PBXResourcesBuildPhase section */
		629BCAD02E98284B003C3E35 /* Resources */ = {
			isa = PBXResourcesBuildPhase;
			buildActionMask = 2147483647;
			files = (
				62D6DC402E9D7B67000B655E /* .gitignore in Resources */,
				62D6DC3E2E9D7B5C000B655E /* .env in Resources */,
			);
			runOnlyForDeploymentPostprocessing = 0;
		};
		629BCADD2E98284C003C3E35 /* Resources */ = {
			isa = PBXResourcesBuildPhase;
			buildActionMask = 2147483647;
			files = (
			);
			runOnlyForDeploymentPostprocessing = 0;
		};
		629BCAE72E98284C003C3E35 /* Resources */ = {
			isa = PBXResourcesBuildPhase;
			buildActionMask = 2147483647;
			files = (
			);
			runOnlyForDeploymentPostprocessing = 0;
		};
/* End PBXResourcesBuildPhase section */

/* Begin PBXSourcesBuildPhase section */
		629BCACE2E98284B003C3E35 /* Sources */ = {
			isa = PBXSourcesBuildPhase;
			buildActionMask = 2147483647;
			files = (
			);
			runOnlyForDeploymentPostprocessing = 0;
		};
		629BCADB2E98284C003C3E35 /* Sources */ = {
			isa = PBXSourcesBuildPhase;
			buildActionMask = 2147483647;
			files = (
			);
			runOnlyForDeploymentPostprocessing = 0;
		};
		629BCAE52E98284C003C3E35 /* Sources */ = {
			isa = PBXSourcesBuildPhase;
			buildActionMask = 2147483647;
			files = (
			);
			runOnlyForDeploymentPostprocessing = 0;
		};
/* End PBXSourcesBuildPhase section */

/* Begin PBXTargetDependency section */
		629BCAE12E98284C003C3E35 /* PBXTargetDependency */ = {
			isa = PBXTargetDependency;
			target = 629BCAD12E98284B003C3E35 /* Unfold */;
			targetProxy = 629BCAE02E98284C003C3E35 /* PBXContainerItemProxy */;
		};
		629BCAEB2E98284C003C3E35 /* PBXTargetDependency */ = {
			isa = PBXTargetDependency;
			target = 629BCAD12E98284B003C3E35 /* Unfold */;
			targetProxy = 629BCAEA2E98284C003C3E35 /* PBXContainerItemProxy */;
		};
/* End PBXTargetDependency section */

/* Begin XCBuildConfiguration section */
		629BCAF12E98284C003C3E35 /* Debug */ = {
			isa = XCBuildConfiguration;
			buildSettings = {
				ALWAYS_SEARCH_USER_PATHS = NO;
				ASSETCATALOG_COMPILER_GENERATE_SWIFT_ASSET_SYMBOL_EXTENSIONS = YES;
				CLANG_ANALYZER_NONNULL = YES;
				CLANG_ANALYZER_NUMBER_OBJECT_CONVERSION = YES_AGGRESSIVE;
				CLANG_CXX_LANGUAGE_STANDARD = "gnu++20";
				CLANG_ENABLE_MODULES = YES;
				CLANG_ENABLE_OBJC_ARC = YES;
				CLANG_ENABLE_OBJC_WEAK = YES;
				CLANG_WARN_BLOCK_CAPTURE_AUTORELEASING = YES;
				CLANG_WARN_BOOL_CONVERSION = YES;
				CLANG_WARN_COMMA = YES;
				CLANG_WARN_CONSTANT_CONVERSION = YES;
				CLANG_WARN_DEPRECATED_OBJC_IMPLEMENTATIONS = YES;
				CLANG_WARN_DIRECT_OBJC_ISA_USAGE = YES_ERROR;
				CLANG_WARN_DOCUMENTATION_COMMENTS = YES;
				CLANG_WARN_EMPTY_BODY = YES;
				CLANG_WARN_ENUM_CONVERSION = YES;
				CLANG_WARN_INFINITE_RECURSION = YES;
				CLANG_WARN_INT_CONVERSION = YES;
				CLANG_WARN_NON_LITERAL_NULL_CONVERSION = YES;
				CLANG_WARN_OBJC_IMPLICIT_RETAIN_SELF = YES;
				CLANG_WARN_OBJC_LITERAL_CONVERSION = YES;
				CLANG_WARN_OBJC_ROOT_CLASS = YES_ERROR;
				CLANG_WARN_QUOTED_INCLUDE_IN_FRAMEWORK_HEADER = YES;
				CLANG_WARN_RANGE_LOOP_ANALYSIS = YES;
				CLANG_WARN_STRICT_PROTOTYPES = YES;
				CLANG_WARN_SUSPICIOUS_MOVE = YES;
				CLANG_WARN_UNGUARDED_AVAILABILITY = YES_AGGRESSIVE;
				CLANG_WARN_UNREACHABLE_CODE = YES;
				CLANG_WARN__DUPLICATE_METHOD_MATCH = YES;
				COPY_PHASE_STRIP = NO;
				DEBUG_INFORMATION_FORMAT = dwarf;
				ENABLE_STRICT_OBJC_MSGSEND = YES;
				ENABLE_TESTABILITY = YES;
				ENABLE_USER_SCRIPT_SANDBOXING = YES;
				GCC_C_LANGUAGE_STANDARD = gnu17;
				GCC_DYNAMIC_NO_PIC = NO;
				GCC_NO_COMMON_BLOCKS = YES;
				GCC_OPTIMIZATION_LEVEL = 0;
				GCC_PREPROCESSOR_DEFINITIONS = (
					"DEBUG=1",
					"$(inherited)",
				);
				GCC_WARN_64_TO_32_BIT_CONVERSION = YES;
				GCC_WARN_ABOUT_RETURN_TYPE = YES_ERROR;
				GCC_WARN_UNDECLARED_SELECTOR = YES;
				GCC_WARN_UNINITIALIZED_AUTOS = YES_AGGRESSIVE;
				GCC_WARN_UNUSED_FUNCTION = YES;
				GCC_WARN_UNUSED_VARIABLE = YES;
				IPHONEOS_DEPLOYMENT_TARGET = 18.5;
				LOCALIZATION_PREFERS_STRING_CATALOGS = YES;
				MTL_ENABLE_DEBUG_INFO = INCLUDE_SOURCE;
				MTL_FAST_MATH = YES;
				ONLY_ACTIVE_ARCH = YES;
				SDKROOT = iphoneos;
				SWIFT_ACTIVE_COMPILATION_CONDITIONS = "DEBUG $(inherited)";
				SWIFT_OPTIMIZATION_LEVEL = "-Onone";
			};
			name = Debug;
		};
		629BCAF22E98284C003C3E35 /* Release */ = {
			isa = XCBuildConfiguration;
			buildSettings = {
				ALWAYS_SEARCH_USER_PATHS = NO;
				ASSETCATALOG_COMPILER_GENERATE_SWIFT_ASSET_SYMBOL_EXTENSIONS = YES;
				CLANG_ANALYZER_NONNULL = YES;
				CLANG_ANALYZER_NUMBER_OBJECT_CONVERSION = YES_AGGRESSIVE;
				CLANG_CXX_LANGUAGE_STANDARD = "gnu++20";
				CLANG_ENABLE_MODULES = YES;
				CLANG_ENABLE_OBJC_ARC = YES;
				CLANG_ENABLE_OBJC_WEAK = YES;
				CLANG_WARN_BLOCK_CAPTURE_AUTORELEASING = YES;
				CLANG_WARN_BOOL_CONVERSION = YES;
				CLANG_WARN_COMMA = YES;
				CLANG_WARN_CONSTANT_CONVERSION = YES;
				CLANG_WARN_DEPRECATED_OBJC_IMPLEMENTATIONS = YES;
				CLANG_WARN_DIRECT_OBJC_ISA_USAGE = YES_ERROR;
				CLANG_WARN_DOCUMENTATION_COMMENTS = YES;
				CLANG_WARN_EMPTY_BODY = YES;
				CLANG_WARN_ENUM_CONVERSION = YES;
				CLANG_WARN_INFINITE_RECURSION = YES;
				CLANG_WARN_INT_CONVERSION = YES;
				CLANG_WARN_NON_LITERAL_NULL_CONVERSION = YES;
				CLANG_WARN_OBJC_IMPLICIT_RETAIN_SELF = YES;
				CLANG_WARN_OBJC_LITERAL_CONVERSION = YES;
				CLANG_WARN_OBJC_ROOT_CLASS = YES_ERROR;
				CLANG_WARN_QUOTED_INCLUDE_IN_FRAMEWORK_HEADER = YES;
				CLANG_WARN_RANGE_LOOP_ANALYSIS = YES;
				CLANG_WARN_STRICT_PROTOTYPES = YES;
				CLANG_WARN_SUSPICIOUS_MOVE = YES;
				CLANG_WARN_UNGUARDED_AVAILABILITY = YES_AGGRESSIVE;
				CLANG_WARN_UNREACHABLE_CODE = YES;
				CLANG_WARN__DUPLICATE_METHOD_MATCH = YES;
				COPY_PHASE_STRIP = NO;
				DEBUG_INFORMATION_FORMAT = "dwarf-with-dsym";
				ENABLE_NS_ASSERTIONS = NO;
				ENABLE_STRICT_OBJC_MSGSEND = YES;
				ENABLE_USER_SCRIPT_SANDBOXING = YES;
				GCC_C_LANGUAGE_STANDARD = gnu17;
				GCC_NO_COMMON_BLOCKS = YES;
				GCC_WARN_64_TO_32_BIT_CONVERSION = YES;
				GCC_WARN_ABOUT_RETURN_TYPE = YES_ERROR;
				GCC_WARN_UNDECLARED_SELECTOR = YES;
				GCC_WARN_UNINITIALIZED_AUTOS = YES_AGGRESSIVE;
				GCC_WARN_UNUSED_FUNCTION = YES;
				GCC_WARN_UNUSED_VARIABLE = YES;
				IPHONEOS_DEPLOYMENT_TARGET = 18.5;
				LOCALIZATION_PREFERS_STRING_CATALOGS = YES;
				MTL_ENABLE_DEBUG_INFO = NO;
				MTL_FAST_MATH = YES;
				SDKROOT = iphoneos;
				SWIFT_COMPILATION_MODE = wholemodule;
				VALIDATE_PRODUCT = YES;
			};
			name = Release;
		};
		629BCAF42E98284C003C3E35 /* Debug */ = {
			isa = XCBuildConfiguration;
			buildSettings = {
				ASSETCATALOG_COMPILER_APPICON_NAME = AppIcon;
				ASSETCATALOG_COMPILER_GLOBAL_ACCENT_COLOR_NAME = AccentColor;
				CODE_SIGN_STYLE = Automatic;
				CURRENT_PROJECT_VERSION = 1;
				DEVELOPMENT_TEAM = 8FCUSTJ3Y6;
				ENABLE_PREVIEWS = YES;
				GENERATE_INFOPLIST_FILE = YES;
				INFOPLIST_KEY_UIApplicationSceneManifest_Generation = YES;
				INFOPLIST_KEY_UIApplicationSupportsIndirectInputEvents = YES;
				INFOPLIST_KEY_UILaunchScreen_Generation = YES;
				INFOPLIST_KEY_UISupportedInterfaceOrientations_iPad = "UIInterfaceOrientationPortrait UIInterfaceOrientationPortraitUpsideDown UIInterfaceOrientationLandscapeLeft UIInterfaceOrientationLandscapeRight";
				INFOPLIST_KEY_UISupportedInterfaceOrientations_iPhone = "UIInterfaceOrientationPortrait UIInterfaceOrientationLandscapeLeft UIInterfaceOrientationLandscapeRight";
				LD_RUNPATH_SEARCH_PATHS = (
					"$(inherited)",
					"@executable_path/Frameworks",
				);
				MARKETING_VERSION = 1.0;
				PRODUCT_BUNDLE_IDENTIFIER = com.rostyslavulynets.unfold;
				PRODUCT_NAME = "$(TARGET_NAME)";
				SWIFT_EMIT_LOC_STRINGS = YES;
				SWIFT_VERSION = 5.0;
				TARGETED_DEVICE_FAMILY = "1,2";
			};
			name = Debug;
		};
		629BCAF52E98284C003C3E35 /* Release */ = {
			isa = XCBuildConfiguration;
			buildSettings = {
				ASSETCATALOG_COMPILER_APPICON_NAME = AppIcon;
				ASSETCATALOG_COMPILER_GLOBAL_ACCENT_COLOR_NAME = AccentColor;
				CODE_SIGN_STYLE = Automatic;
				CURRENT_PROJECT_VERSION = 1;
				DEVELOPMENT_TEAM = 8FCUSTJ3Y6;
				ENABLE_PREVIEWS = YES;
				GENERATE_INFOPLIST_FILE = YES;
				INFOPLIST_KEY_UIApplicationSceneManifest_Generation = YES;
				INFOPLIST_KEY_UIApplicationSupportsIndirectInputEvents = YES;
				INFOPLIST_KEY_UILaunchScreen_Generation = YES;
				INFOPLIST_KEY_UISupportedInterfaceOrientations_iPad = "UIInterfaceOrientationPortrait UIInterfaceOrientationPortraitUpsideDown UIInterfaceOrientationLandscapeLeft UIInterfaceOrientationLandscapeRight";
				INFOPLIST_KEY_UISupportedInterfaceOrientations_iPhone = "UIInterfaceOrientationPortrait UIInterfaceOrientationLandscapeLeft UIInterfaceOrientationLandscapeRight";
				LD_RUNPATH_SEARCH_PATHS = (
					"$(inherited)",
					"@executable_path/Frameworks",
				);
				MARKETING_VERSION = 1.0;
				PRODUCT_BUNDLE_IDENTIFIER = com.rostyslavulynets.unfold;
				PRODUCT_NAME = "$(TARGET_NAME)";
				SWIFT_EMIT_LOC_STRINGS = YES;
				SWIFT_VERSION = 5.0;
				TARGETED_DEVICE_FAMILY = "1,2";
			};
			name = Release;
		};
		629BCAF72E98284C003C3E35 /* Debug */ = {
			isa = XCBuildConfiguration;
			buildSettings = {
				BUNDLE_LOADER = "$(TEST_HOST)";
				CODE_SIGN_STYLE = Automatic;
				CURRENT_PROJECT_VERSION = 1;
				GENERATE_INFOPLIST_FILE = YES;
				IPHONEOS_DEPLOYMENT_TARGET = 18.5;
				MARKETING_VERSION = 1.0;
				PRODUCT_BUNDLE_IDENTIFIER = com.rostyslavulynets.unfold.UnfoldTests;
				PRODUCT_NAME = "$(TARGET_NAME)";
				SWIFT_EMIT_LOC_STRINGS = NO;
				SWIFT_VERSION = 5.0;
				TARGETED_DEVICE_FAMILY = "1,2";
				TEST_HOST = "$(BUILT_PRODUCTS_DIR)/Unfold.app/$(BUNDLE_EXECUTABLE_FOLDER_PATH)/Unfold";
			};
			name = Debug;
		};
		629BCAF82E98284C003C3E35 /* Release */ = {
			isa = XCBuildConfiguration;
			buildSettings = {
				BUNDLE_LOADER = "$(TEST_HOST)";
				CODE_SIGN_STYLE = Automatic;
				CURRENT_PROJECT_VERSION = 1;
				GENERATE_INFOPLIST_FILE = YES;
				IPHONEOS_DEPLOYMENT_TARGET = 18.5;
				MARKETING_VERSION = 1.0;
				PRODUCT_BUNDLE_IDENTIFIER = com.rostyslavulynets.unfold.UnfoldTests;
				PRODUCT_NAME = "$(TARGET_NAME)";
				SWIFT_EMIT_LOC_STRINGS = NO;
				SWIFT_VERSION = 5.0;
				TARGETED_DEVICE_FAMILY = "1,2";
				TEST_HOST = "$(BUILT_PRODUCTS_DIR)/Unfold.app/$(BUNDLE_EXECUTABLE_FOLDER_PATH)/Unfold";
			};
			name = Release;
		};
		629BCAFA2E98284C003C3E35 /* Debug */ = {
			isa = XCBuildConfiguration;
			buildSettings = {
				CODE_SIGN_STYLE = Automatic;
				CURRENT_PROJECT_VERSION = 1;
				GENERATE_INFOPLIST_FILE = YES;
				MARKETING_VERSION = 1.0;
				PRODUCT_BUNDLE_IDENTIFIER = com.rostyslavulynets.unfold.UnfoldUITests;
				PRODUCT_NAME = "$(TARGET_NAME)";
				SWIFT_EMIT_LOC_STRINGS = NO;
				SWIFT_VERSION = 5.0;
				TARGETED_DEVICE_FAMILY = "1,2";
				TEST_TARGET_NAME = Unfold;
			};
			name = Debug;
		};
		629BCAFB2E98284C003C3E35 /* Release */ = {
			isa = XCBuildConfiguration;
			buildSettings = {
				CODE_SIGN_STYLE = Automatic;
				CURRENT_PROJECT_VERSION = 1;
				GENERATE_INFOPLIST_FILE = YES;
				MARKETING_VERSION = 1.0;
				PRODUCT_BUNDLE_IDENTIFIER = com.rostyslavulynets.unfold.UnfoldUITests;
				PRODUCT_NAME = "$(TARGET_NAME)";
				SWIFT_EMIT_LOC_STRINGS = NO;
				SWIFT_VERSION = 5.0;
				TARGETED_DEVICE_FAMILY = "1,2";
				TEST_TARGET_NAME = Unfold;
			};
			name = Release;
		};
/* End XCBuildConfiguration section */

/* Begin XCConfigurationList section */
		629BCACD2E98284B003C3E35 /* Build configuration list for PBXProject "Unfold" */ = {
			isa = XCConfigurationList;
			buildConfigurations = (
				629BCAF12E98284C003C3E35 /* Debug */,
				629BCAF22E98284C003C3E35 /* Release */,
			);
			defaultConfigurationIsVisible = 0;
			defaultConfigurationName = Release;
		};
		629BCAF32E98284C003C3E35 /* Build configuration list for PBXNativeTarget "Unfold" */ = {
			isa = XCConfigurationList;
			buildConfigurations = (
				629BCAF42E98284C003C3E35 /* Debug */,
				629BCAF52E98284C003C3E35 /* Release */,
			);
			defaultConfigurationIsVisible = 0;
			defaultConfigurationName = Release;
		};
		629BCAF62E98284C003C3E35 /* Build configuration list for PBXNativeTarget "UnfoldTests" */ = {
			isa = XCConfigurationList;
			buildConfigurations = (
				629BCAF72E98284C003C3E35 /* Debug */,
				629BCAF82E98284C003C3E35 /* Release */,
			);
			defaultConfigurationIsVisible = 0;
			defaultConfigurationName = Release;
		};
		629BCAF92E98284C003C3E35 /* Build configuration list for PBXNativeTarget "UnfoldUITests" */ = {
			isa = XCConfigurationList;
			buildConfigurations = (
				629BCAFA2E98284C003C3E35 /* Debug */,
				629BCAFB2E98284C003C3E35 /* Release */,
			);
			defaultConfigurationIsVisible = 0;
			defaultConfigurationName = Release;
		};
/* End XCConfigurationList section */

/* Begin XCRemoteSwiftPackageReference section */
		62DB36002E9ADE6500A1B9A0 /* XCRemoteSwiftPackageReference "supabase-swift" */ = {
			isa = XCRemoteSwiftPackageReference;
			repositoryURL = "https://github.com/supabase/supabase-swift.git";
			requirement = {
				kind = upToNextMajorVersion;
				minimumVersion = 2.5.1;
			};
		};
/* End XCRemoteSwiftPackageReference section */

/* Begin XCSwiftPackageProductDependency section */
		62DB36062E9AE74100A1B9A0 /* Supabase */ = {
			isa = XCSwiftPackageProductDependency;
			package = 62DB36002E9ADE6500A1B9A0 /* XCRemoteSwiftPackageReference "supabase-swift" */;
			productName = Supabase;
		};
/* End XCSwiftPackageProductDependency section */
	};
	rootObject = 629BCACA2E98284B003C3E35 /* Project object */;
}
